
Microsoft Visual Studio Solution File, Format Version 12.00
# Visual Studio Version 17
VisualStudioVersion = 17.0.31903.59
MinimumVisualStudioVersion = 10.0.40219.1
Project("{FAE04EC0-301F-11D3-BF4B-00C04F79EFBC}") = "SetupProjectApp", "SetupProjectApp\SetupProjectApp.csproj", "{CDB5C0B3-BF78-4E3F-974B-CC3CF5D8192E}"
EndProject
Project("{FAE04EC0-301F-11D3-BF4B-00C04F79EFBC}") = "SetupProjectPackage", "SetupProjectPackage\SetupProjectPackage.csproj", "{6AF190B3-2C6D-45B6-9AAA-42B8CBD039DA}"
EndProject
Project("{2150E333-8FDC-42A3-9474-1A3956D46DE8}") = "Solution Items", "Solution Items", "{0FD2B499-6196-428D-8867-B26B76CCA57F}"
	ProjectSection(SolutionItems) = preProject
		Directory.Build.props = Directory.Build.props
		Directory.Build.targets = Directory.Build.targets
		NuGet.config = NuGet.config
	EndProjectSection
EndProject
Global
	GlobalSection(SolutionConfigurationPlatforms) = preSolution
		Debug|Any CPU = Debug|Any CPU
		Release|Any CPU = Release|Any CPU
	EndGlobalSection
	GlobalSection(ProjectConfigurationPlatforms) = postSolution
		{CDB5C0B3-BF78-4E3F-974B-CC3CF5D8192E}.Debug|Any CPU.ActiveCfg = Debug|Any CPU
		{CDB5C0B3-BF78-4E3F-974B-CC3CF5D8192E}.Debug|Any CPU.Build.0 = Debug|Any CPU
		{CDB5C0B3-BF78-4E3F-974B-CC3CF5D8192E}.Release|Any CPU.ActiveCfg = Release|Any CPU
		{CDB5C0B3-BF78-4E3F-974B-CC3CF5D8192E}.Release|Any CPU.Build.0 = Release|Any CPU
		{6AF190B3-2C6D-45B6-9AAA-42B8CBD039DA}.Debug|Any CPU.ActiveCfg = Debug|Any CPU
		{6AF190B3-2C6D-45B6-9AAA-42B8CBD039DA}.Debug|Any CPU.Build.0 = Debug|Any CPU
		{6AF190B3-2C6D-45B6-9AAA-42B8CBD039DA}.Release|Any CPU.ActiveCfg = Release|Any CPU
		{6AF190B3-2C6D-45B6-9AAA-42B8CBD039DA}.Release|Any CPU.Build.0 = Release|Any CPU
	EndGlobalSection
	GlobalSection(SolutionProperties) = preSolution
		HideSolutionNode = FALSE
	EndGlobalSection
	GlobalSection(ExtensibilityGlobals) = postSolution
		SolutionGuid = {A335552C-06F8-47C8-8455-5CEE4B55C14F}
	EndGlobalSection
EndGlobal
